
Microsoft Visual Studio Solution File, Format Version 12.00
# Visual Studio Version 17
VisualStudioVersion = 17.11.35219.272
MinimumVisualStudioVersion = 10.0.40219.1
Project("{FAE04EC0-301F-11D3-BF4B-00C04F79EFBC}") = "ProyectoConsola", "ProyectoConsola\ProyectoConsola.csproj", "{1E894513-22A9-4A75-80F2-E61B7404E864}"
EndProject
Global
	GlobalSection(SolutionConfigurationPlatforms) = preSolution
		Debug|Any CPU = Debug|Any CPU
		Release|Any CPU = Release|Any CPU
	EndGlobalSection
	GlobalSection(ProjectConfigurationPlatforms) = postSolution
		{1E894513-22A9-4A75-80F2-E61B7404E864}.Debug|Any CPU.ActiveCfg = Debug|Any CPU
		{1E894513-22A9-4A75-80F2-E61B7404E864}.Debug|Any CPU.Build.0 = Debug|Any CPU
		{1E894513-22A9-4A75-80F2-E61B7404E864}.Release|Any CPU.ActiveCfg = Release|Any CPU
		{1E894513-22A9-4A75-80F2-E61B7404E864}.Release|Any CPU.Build.0 = Release|Any CPU
	EndGlobalSection
	GlobalSection(SolutionProperties) = preSolution
		HideSolutionNode = FALSE
	EndGlobalSection
	GlobalSection(ExtensibilityGlobals) = postSolution
		SolutionGuid = {A6813619-FC61-437A-BBD0-89C8D2782217}
	EndGlobalSection
EndGlobal
